
Microsoft Visual Studio Solution File, Format Version 12.00
Project("{FAE04EC0-301F-11D3-BF4B-00C04F79EFBC}") = "ASD_lab2", "ASD_lab2\ASD_lab2.csproj", "{F34219AB-5F1F-427E-BD45-8F0EF2EF182E}"
EndProject
Global
	GlobalSection(SolutionConfigurationPlatforms) = preSolution
		Debug|Any CPU = Debug|Any CPU
		Release|Any CPU = Release|Any CPU
	EndGlobalSection
	GlobalSection(ProjectConfigurationPlatforms) = postSolution
		{F34219AB-5F1F-427E-BD45-8F0EF2EF182E}.Debug|Any CPU.ActiveCfg = Debug|Any CPU
		{F34219AB-5F1F-427E-BD45-8F0EF2EF182E}.Debug|Any CPU.Build.0 = Debug|Any CPU
		{F34219AB-5F1F-427E-BD45-8F0EF2EF182E}.Release|Any CPU.ActiveCfg = Release|Any CPU
		{F34219AB-5F1F-427E-BD45-8F0EF2EF182E}.Release|Any CPU.Build.0 = Release|Any CPU
	EndGlobalSection
EndGlobal
